hash: 4b28f765e6a22efe5efedbb6dee7fd603101d8d2fa9d4b53d3a3371b8fca3432
updated: 2017-03-31T18:05:50.339595678+08:00
imports:
- name: github.com/coreos/etcd
  version: 20490caaf0dcd96bb4a95e40625559def8ef5b04
  subpackages:
  - client
- name: github.com/dgrijalva/jwt-go
  version: 2268707a8f0843315e2004ee4f1d021dc08baedf
- name: github.com/jinzhu/gorm
  version: 45ccb134373e7d9fa76d5987a6fed6cd5a5adfd4
- name: github.com/json-iterator/go
  version: d1aa59e34e2b02811f83d1e25c8536a059e7be4c
- name: github.com/klauspost/compress
  version: 14c9a76e3c95e47f8ccce949bba2c1101a8b85e6
  subpackages:
  - flate
  - gzip
  - zlib
- name: github.com/klauspost/cpuid
  version: 09cded8978dc9e80714c4d85b0322337b0a1e5e0
- name: github.com/klauspost/crc32
  version: 1bab8b35b6bb565f92cbc97939610af9369f942a
- name: github.com/labstack/echo
  version: 948d607539e92f3974d8f24951c8975d7342e24a
  subpackages:
  - '...'
  - middleware
- name: github.com/labstack/gommon
  version: 9cedb429ffbe71a32a3ae7c65fd109cb7ae07804
  subpackages:
  - bytes
  - color
  - log
  - random
- name: github.com/mattn/go-colorable
  version: ded68f7a9561c023e790de24279db7ebf473ea80
- name: github.com/mattn/go-isatty
  version: fc9e8d8ef48496124e79ae0df75490096eccf6fe
- name: github.com/valyala/bytebufferpool
  version: e746df99fe4a3986f4d4f79e13c1e0117ce9c2f7
- name: github.com/valyala/fasthttp
  version: fc109d6887b5edb43510d924d14d735f3975fb51
  subpackages:
  - fasthttputil
  - stackless
- name: github.com/valyala/fasttemplate
  version: dcecefd839c4193db0d35b88ec65b4c12d360ab0
- name: golang.org/x/crypto
  version: 3cb07270c9455e8ad27956a70891c962d121a228
  subpackages:
  - acme
  - acme/autocert
- name: golang.org/x/net
  version: ffcf1bedda3b04ebb15a168a59800a73d6dc0f4d
  subpackages:
  - context
  - context/ctxhttp
- name: golang.org/x/sys
  version: 9a7256cb28ed514b4e1e5f68959914c4c28a92e0
  subpackages:
  - unix
- name: gopkg.in/redis.v5
  version: a16aeec10ff407b1e7be6dd35797ccf5426ef0f0
testImports: []
